{
  "name": "git-test",
  "version": "1.0.0",
  "lockfileVersion": 1,
  "requires": true,
  "dependencies": {
    "ad-bs-converter": {
      "version": "0.5.0",
      "resolved": "https://registry.npmjs.org/ad-bs-converter/-/ad-bs-converter-0.5.0.tgz",
      "integrity": "sha1-hM2BwqME0DR3wwl7Iw66IaFPoZQ=",
      "requires": {
        "get-nepali-number": "^0.1.0",
        "get-nepday-of-week": "^0.1.4"
      }
    },
    "get-nepali-number": {
      "version": "0.1.0",
      "resolved": "https://registry.npmjs.org/get-nepali-number/-/get-nepali-number-0.1.0.tgz",
      "integrity": "sha1-stNwsrDuPAn3q9aTw0ZDlZLd70E="
    },
    "get-nepday-of-week": {
      "version": "0.1.4",
      "resolved": "https://registry.npmjs.org/get-nepday-of-week/-/get-nepday-of-week-0.1.4.tgz",
      "integrity": "sha1-+MeFaHkKJBMYtO8IeUVKEFpGIt4="
    }
  }
}
